
Microsoft Visual Studio Solution File, Format Version 12.00
# Visual Studio Version 17
VisualStudioVersion = 17.5.33414.496
MinimumVisualStudioVersion = 10.0.40219.1
Project("{FAE04EC0-301F-11D3-BF4B-00C04F79EFBC}") = "Semana9", "Semana9\Semana9.csproj", "{99CEE21F-66C6-462C-81DC-C35501261176}"
EndProject
Global
	GlobalSection(SolutionConfigurationPlatforms) = preSolution
		Debug|Any CPU = Debug|Any CPU
		Release|Any CPU = Release|Any CPU
	EndGlobalSection
	GlobalSection(ProjectConfigurationPlatforms) = postSolution
		{99CEE21F-66C6-462C-81DC-C35501261176}.Debug|Any CPU.ActiveCfg = Debug|Any CPU
		{99CEE21F-66C6-462C-81DC-C35501261176}.Debug|Any CPU.Build.0 = Debug|Any CPU
		{99CEE21F-66C6-462C-81DC-C35501261176}.Release|Any CPU.ActiveCfg = Release|Any CPU
		{99CEE21F-66C6-462C-81DC-C35501261176}.Release|Any CPU.Build.0 = Release|Any CPU
	EndGlobalSection
	GlobalSection(SolutionProperties) = preSolution
		HideSolutionNode = FALSE
	EndGlobalSection
	GlobalSection(ExtensibilityGlobals) = postSolution
		SolutionGuid = {5D8AB95C-14C5-4A0A-BB92-505D385D8045}
	EndGlobalSection
EndGlobal
